
Microsoft Visual Studio Solution File, Format Version 12.00
# Visual Studio Version 16
VisualStudioVersion = 16.0.29709.97
MinimumVisualStudioVersion = 10.0.40219.1
Project("{FAE04EC0-301F-11D3-BF4B-00C04F79EFBC}") = "PracticeRound2020", "PracticeRound2020\PracticeRound2020.csproj", "{26B7902D-A67C-44FE-A664-D64C1D6BBD50}"
EndProject
Global
	GlobalSection(SolutionConfigurationPlatforms) = preSolution
		Debug|Any CPU = Debug|Any CPU
		Release|Any CPU = Release|Any CPU
	EndGlobalSection
	GlobalSection(ProjectConfigurationPlatforms) = postSolution
		{26B7902D-A67C-44FE-A664-D64C1D6BBD50}.Debug|Any CPU.ActiveCfg = Debug|Any CPU
		{26B7902D-A67C-44FE-A664-D64C1D6BBD50}.Debug|Any CPU.Build.0 = Debug|Any CPU
		{26B7902D-A67C-44FE-A664-D64C1D6BBD50}.Release|Any CPU.ActiveCfg = Release|Any CPU
		{26B7902D-A67C-44FE-A664-D64C1D6BBD50}.Release|Any CPU.Build.0 = Release|Any CPU
	EndGlobalSection
	GlobalSection(SolutionProperties) = preSolution
		HideSolutionNode = FALSE
	EndGlobalSection
	GlobalSection(ExtensibilityGlobals) = postSolution
		SolutionGuid = {74CC2C08-F616-4C2B-BDC5-A76558C05318}
	EndGlobalSection
EndGlobal
